<?xml version="1.0" encoding="utf-8"?>
<Project ToolsVersion="4.0" xmlns="http://schemas.microsoft.com/developer/msbuild/2003">
  <ItemGroup>
    <ClCompile Include="dllmain.c" />
    <ClCompile Include="main.cpp" />
    <ClCompile Include="functions.cpp" />
    <ClCompile Include="..\nvse\printf.cpp">
      <Filter>nvse</Filter>
    </ClCompile>
    <ClCompile Include="..\nvse\SafeWrite.cpp">
      <Filter>nvse</Filter>
    </ClCompile>
    <ClCompile Include="..\nvse\Utilities.cpp">
      <Filter>nvse</Filter>
    </ClCompile>
    <ClCompile Include="..\nvse\dinput8.cpp">
      <Filter>nvse</Filter>
    </ClCompile>
    <ClCompile Include="ConfigurationMenu\ConfigurationMenu.cpp">
      <Filter>features\ConfigurationMenu</Filter>
    </ClCompile>
    <ClCompile Include="SortingIcons\SortingIconsMain.cpp">
      <Filter>features\SortingIcons</Filter>
    </ClCompile>
    <ClCompile Include="SortingIcons\SortingIconsFiles.cpp">
      <Filter>features\SortingIcons</Filter>
    </ClCompile>
    <ClCompile Include="SortingIcons\SortingIconsVisual.cpp">
      <Filter>features\SortingIcons</Filter>
    </ClCompile>
    <ClCompile Include="SortingIcons\SortingIconsMechanics.cpp">
      <Filter>features\SortingIcons</Filter>
    </ClCompile>
    <ClCompile Include="SortingIcons\SortingIconsCommands.cpp">
      <Filter>features\SortingIcons</Filter>
    </ClCompile>
    <ClCompile Include="MiscFeatures\FixDroppedItems.cpp">
      <Filter>features</Filter>
    </ClCompile>
    <ClCompile Include="MiscFeatures\FixTablineSelected.cpp">
      <Filter>features</Filter>
    </ClCompile>
    <ClCompile Include="MiscFeatures\PatchMatchedCursor.cpp">
      <Filter>features</Filter>
    </ClCompile>
    <ClCompile Include="..\game\BSExtraData.cpp">
      <Filter>game</Filter>
    </ClCompile>
    <ClCompile Include="..\game\GameData.cpp">
      <Filter>game</Filter>
    </ClCompile>
    <ClCompile Include="..\game\InventoryChanges.cpp">
      <Filter>game</Filter>
    </ClCompile>
    <ClCompile Include="..\game\Form.cpp">
      <Filter>game</Filter>
    </ClCompile>
    <ClCompile Include="..\game\Reference.cpp">
      <Filter>game</Filter>
    </ClCompile>
    <ClCompile Include="..\game\OSDepend.cpp">
      <Filter>game</Filter>
    </ClCompile>
    <ClCompile Include="..\game\GameRTTI.cpp">
      <Filter>game</Filter>
    </ClCompile>
    <ClCompile Include="..\game\Script.cpp">
      <Filter>game</Filter>
    </ClCompile>
    <ClCompile Include="..\game\GameSettings.cpp">
      <Filter>game</Filter>
    </ClCompile>
    <ClCompile Include="..\game\Sound.cpp">
      <Filter>game</Filter>
    </ClCompile>
    <ClCompile Include="..\game\GameTasks.cpp">
      <Filter>game</Filter>
    </ClCompile>
    <ClCompile Include="..\game\Tiles.cpp">
      <Filter>game</Filter>
    </ClCompile>
    <ClCompile Include="..\game\Types.cpp">
      <Filter>game</Filter>
    </ClCompile>
    <ClCompile Include="..\game\Menus.cpp">
      <Filter>game</Filter>
    </ClCompile>
    <ClCompile Include="..\game\ConsoleManager.cpp">
      <Filter>game</Filter>
    </ClCompile>
    <ClCompile Include="..\game\SaveLoadGame.cpp">
      <Filter>game</Filter>
    </ClCompile>
    <ClCompile Include="..\game\InterfaceManager.cpp">
      <Filter>game</Filter>
    </ClCompile>
    <ClCompile Include="definitions.cpp" />
    <ClCompile Include="MiscFeatures\PatchTimeMult.cpp">
      <Filter>features</Filter>
    </ClCompile>
    <ClCompile Include="MiscFeatures\FixProjectileEffects.cpp">
      <Filter>features</Filter>
    </ClCompile>
    <ClCompile Include="MiscFeatures\PatchAlterSpread.cpp">
      <Filter>features</Filter>
    </ClCompile>
    <ClCompile Include="MiscFeatures\PatchArmedUnarmed.cpp">
      <Filter>features</Filter>
    </ClCompile>
    <ClCompile Include="MiscFeatures\PatchExplosionForce.cpp">
      <Filter>features</Filter>
    </ClCompile>
    <ClCompile Include="MiscFeatures\PatchMultiplicativeShots.cpp">
      <Filter>features</Filter>
    </ClCompile>
    <ClCompile Include="..\game\Containers.cpp">
      <Filter>game</Filter>
    </ClCompile>
    <ClCompile Include="UserInterface\DynamicCrosshair.cpp">
      <Filter>features\UserInterface</Filter>
    </ClCompile>
    <ClCompile Include="UserInterface\HitMarker.cpp">
      <Filter>features\UserInterface</Filter>
    </ClCompile>
    <ClCompile Include="UserInterface\LootMenu.cpp">
      <Filter>features\UserInterface</Filter>
    </ClCompile>
    <ClCompile Include="UserInterface\VisualObjectives.cpp">
      <Filter>features\UserInterface</Filter>
    </ClCompile>
    <ClCompile Include="events.cpp">
      <Filter>features\UserInterface</Filter>
    </ClCompile>
    <ClCompile Include="UserInterface\HitIndicator.cpp">
      <Filter>features\UserInterface</Filter>
    </ClCompile>
    <ClCompile Include="MiscFeatures\FixTouchpadScrolling.cpp">
      <Filter>features</Filter>
    </ClCompile>
    <ClCompile Include="..\nvse\Logging.cpp">
      <Filter>nvse</Filter>
    </ClCompile>
    <ClCompile Include="..\game\NiNodes.cpp">
      <Filter>game</Filter>
    </ClCompile>
    <ClCompile Include="..\game\GameProcess.cpp">
      <Filter>game</Filter>
    </ClCompile>
    <ClCompile Include="..\game\Object.cpp">
      <Filter>game</Filter>
    </ClCompile>
    <ClCompile Include="UserInterface\WeaponHweel.cpp">
      <Filter>features\UserInterface</Filter>
    </ClCompile>
    <ClCompile Include="FixReorderMCM.cpp">
      <Filter>features</Filter>
    </ClCompile>
    <ClCompile Include="HookMCM.cpp">
      <Filter>features\ConfigurationMenu</Filter>
    </ClCompile>
    <ClCompile Include="ConfigurationMenu\StewMenu\HotkeyField.cpp">
      <Filter>features\ConfigurationMenu</Filter>
    </ClCompile>
    <ClCompile Include="ConfigurationMenu\StewMenu\InputField.cpp">
      <Filter>features\ConfigurationMenu</Filter>
    </ClCompile>
    <ClCompile Include="ConfigurationMenu\StewMenu\ConfigurationMenuJSON.cpp">
      <Filter>features\ConfigurationMenu</Filter>
    </ClCompile>
    <ClCompile Include="ConfigurationMenu\StewMenu\ConfigurationMenuStew.cpp">
      <Filter>features\ConfigurationMenu</Filter>
    </ClCompile>
    <ClCompile Include="Stootils.cpp">
      <Filter>features\ConfigurationMenu</Filter>
    </ClCompile>
    <ClCompile Include="FixSleepWaitMenuString.cpp">
      <Filter>features</Filter>
    </ClCompile>
    <ClCompile Include="PatchCharGenMenuSRemoval.cpp">
      <Filter>features</Filter>
    </ClCompile>
  </ItemGroup>
  <ItemGroup>
    <ClInclude Include="functions.h" />
    <ClInclude Include="definitions.h" />
    <ClInclude Include="main.h" />
    <ClInclude Include="..\nvse\Utilities.h">
      <Filter>nvse</Filter>
    </ClInclude>
    <ClInclude Include="..\libraries\SimpleINILibrary.h">
      <Filter>libraries</Filter>
    </ClInclude>
    <ClInclude Include="..\libraries\json.h">
      <Filter>libraries</Filter>
    </ClInclude>
    <ClInclude Include="..\nvse\SafeWrite.h">
      <Filter>nvse</Filter>
    </ClInclude>
    <ClInclude Include="..\nvse\prefix.h">
      <Filter>nvse</Filter>
    </ClInclude>
    <ClInclude Include="..\nvse\PluginAPI.h">
      <Filter>nvse</Filter>
    </ClInclude>
    <ClInclude Include="..\nvse\dinput8.h">
      <Filter>nvse</Filter>
    </ClInclude>
    <ClInclude Include="ConfigurationMenu\ConfigurationMenu.h">
      <Filter>features\ConfigurationMenu</Filter>
    </ClInclude>
    <ClInclude Include="SortingIcons\SortingIcons.h">
      <Filter>features\SortingIcons</Filter>
    </ClInclude>
    <ClInclude Include="..\game\BSExtraData.h">
      <Filter>game</Filter>
    </ClInclude>
    <ClInclude Include="..\game\GameData.h">
      <Filter>game</Filter>
    </ClInclude>
    <ClInclude Include="..\game\GameEffects.h">
      <Filter>game</Filter>
    </ClInclude>
    <ClInclude Include="..\game\InventoryChanges.h">
      <Filter>game</Filter>
    </ClInclude>
    <ClInclude Include="..\game\Form.h">
      <Filter>game</Filter>
    </ClInclude>
    <ClInclude Include="..\game\Reference.h">
      <Filter>game</Filter>
    </ClInclude>
    <ClInclude Include="..\game\OSDepend.h">
      <Filter>game</Filter>
    </ClInclude>
    <ClInclude Include="..\game\GameProcess.h">
      <Filter>game</Filter>
    </ClInclude>
    <ClInclude Include="..\game\GameRTTI.h">
      <Filter>game</Filter>
    </ClInclude>
    <ClInclude Include="..\game\Script.h">
      <Filter>game</Filter>
    </ClInclude>
    <ClInclude Include="..\game\GameSettings.h">
      <Filter>game</Filter>
    </ClInclude>
    <ClInclude Include="..\game\Sound.h">
      <Filter>game</Filter>
    </ClInclude>
    <ClInclude Include="..\game\GameTasks.h">
      <Filter>game</Filter>
    </ClInclude>
    <ClInclude Include="..\game\Tiles.h">
      <Filter>game</Filter>
    </ClInclude>
    <ClInclude Include="..\game\Types.h">
      <Filter>game</Filter>
    </ClInclude>
    <ClInclude Include="..\game\Menus.h">
      <Filter>game</Filter>
    </ClInclude>
    <ClInclude Include="..\game\CommandTable.h">
      <Filter>game</Filter>
    </ClInclude>
    <ClInclude Include="..\game\NiNodes.h">
      <Filter>game</Filter>
    </ClInclude>
    <ClInclude Include="..\game\NiObjects.h">
      <Filter>game</Filter>
    </ClInclude>
    <ClInclude Include="..\game\NiTypes.h">
      <Filter>game</Filter>
    </ClInclude>
    <ClInclude Include="..\game\ConsoleManager.h">
      <Filter>game</Filter>
    </ClInclude>
    <ClInclude Include="..\game\SaveLoadGame.h">
      <Filter>game</Filter>
    </ClInclude>
    <ClInclude Include="..\game\InterfaceManager.h">
      <Filter>game</Filter>
    </ClInclude>
    <ClInclude Include="..\game\Containers.h">
      <Filter>game</Filter>
    </ClInclude>
    <ClInclude Include="..\nvse\printf.h">
      <Filter>nvse</Filter>
    </ClInclude>
    <ClInclude Include="..\nvse\Logging.h">
      <Filter>nvse</Filter>
    </ClInclude>
    <ClInclude Include="..\game\Object.h">
      <Filter>game</Filter>
    </ClInclude>
    <ClInclude Include="ConfigurationMenu\StewMenu\HotkeyField.h">
      <Filter>features\ConfigurationMenu</Filter>
    </ClInclude>
    <ClInclude Include="ConfigurationMenu\StewMenu\InputField.h">
      <Filter>features\ConfigurationMenu</Filter>
    </ClInclude>
    <ClInclude Include="ConfigurationMenu\StewMenu\ConfigurationMenuStew.h">
      <Filter>features\ConfigurationMenu</Filter>
    </ClInclude>
    <ClInclude Include="Stootils.h">
      <Filter>features\ConfigurationMenu</Filter>
    </ClInclude>
  </ItemGroup>
  <ItemGroup>
    <None Include="exports.def" />
    <None Include="..\game\GameRTTI.inc">
      <Filter>game</Filter>
    </None>
  </ItemGroup>
  <ItemGroup>
    <Filter Include="nvse">
      <UniqueIdentifier>{f1afc55a-6e0f-43b8-86b1-67dbd88c1490}</UniqueIdentifier>
    </Filter>
    <Filter Include="libraries">
      <UniqueIdentifier>{42cf9c9c-4ade-4f54-8cfd-9a8c9c5a321f}</UniqueIdentifier>
    </Filter>
    <Filter Include="features">
      <UniqueIdentifier>{d0bf9d47-c82a-45bb-9e99-d960a45cd8f1}</UniqueIdentifier>
    </Filter>
    <Filter Include="features\SortingIcons">
      <UniqueIdentifier>{3900deab-0329-4a99-991d-f283bf3f8df4}</UniqueIdentifier>
    </Filter>
    <Filter Include="features\ConfigurationMenu">
      <UniqueIdentifier>{656ac85f-09be-4ed7-ae30-677b09f38f26}</UniqueIdentifier>
    </Filter>
    <Filter Include="game">
      <UniqueIdentifier>{a015f998-0a48-4aa3-a1b7-bb3274a03bde}</UniqueIdentifier>
    </Filter>
    <Filter Include="features\UserInterface">
      <UniqueIdentifier>{c2809161-6d98-4828-951b-1677e5f45c6b}</UniqueIdentifier>
    </Filter>
  </ItemGroup>
</Project>