<?xml version="1.0" encoding="utf-8"?>
<Project ToolsVersion="4.0" xmlns="http://schemas.microsoft.com/developer/msbuild/2003">
  <ItemGroup>
    <Filter Include="nvse">
      <UniqueIdentifier>{92a4f350-f2ec-4fca-bdd3-927732d91b34}</UniqueIdentifier>
    </Filter>
  </ItemGroup>
  <ItemGroup>
    <ClCompile Include="..\CommonLib\GameAPI.cpp">
      <Filter>nvse</Filter>
    </ClCompile>
    <ClCompile Include="..\CommonLib\GameBSExtraData.cpp">
      <Filter>nvse</Filter>
    </ClCompile>
    <ClCompile Include="..\CommonLib\GameData.cpp">
      <Filter>nvse</Filter>
    </ClCompile>
    <ClCompile Include="..\CommonLib\GameExtraData.cpp">
      <Filter>nvse</Filter>
    </ClCompile>
    <ClCompile Include="..\CommonLib\GameForms.cpp">
      <Filter>nvse</Filter>
    </ClCompile>
    <ClCompile Include="..\CommonLib\Objects.cpp">
      <Filter>nvse</Filter>
    </ClCompile>
    <ClCompile Include="..\CommonLib\GameOSDepend.cpp">
      <Filter>nvse</Filter>
    </ClCompile>
    <ClCompile Include="..\CommonLib\GameRTTI.cpp">
      <Filter>nvse</Filter>
    </ClCompile>
    <ClCompile Include="..\CommonLib\GameScript.cpp">
      <Filter>nvse</Filter>
    </ClCompile>
    <ClCompile Include="..\CommonLib\GameSettings.cpp">
      <Filter>nvse</Filter>
    </ClCompile>
    <ClCompile Include="..\CommonLib\Sound.cpp">
      <Filter>nvse</Filter>
    </ClCompile>
    <ClCompile Include="..\CommonLib\GameTasks.cpp">
      <Filter>nvse</Filter>
    </ClCompile>
    <ClCompile Include="..\CommonLib\GameTiles.cpp">
      <Filter>nvse</Filter>
    </ClCompile>
    <ClCompile Include="..\CommonLib\Types.cpp">
      <Filter>nvse</Filter>
    </ClCompile>
    <ClCompile Include="..\CommonLib\GameUI.cpp">
      <Filter>nvse</Filter>
    </ClCompile>
    <ClCompile Include="..\nvse\SafeWrite.cpp">
      <Filter>nvse</Filter>
    </ClCompile>
    <ClCompile Include="..\nvse\Utilities.cpp">
      <Filter>nvse</Filter>
    </ClCompile>
    <ClCompile Include="..\nvse\printf.cpp">
      <Filter>nvse</Filter>
    </ClCompile>
    <ClCompile Include="dllmain.c" />
    <ClCompile Include="main.cpp" />
    <ClCompile Include="LambdaVariableContext.cpp" />
  </ItemGroup>
  <ItemGroup>
    <ClInclude Include="..\CommonLib\GameAPI.h">
      <Filter>nvse</Filter>
    </ClInclude>
    <ClInclude Include="..\CommonLib\GameBSExtraData.h">
      <Filter>nvse</Filter>
    </ClInclude>
    <ClInclude Include="..\CommonLib\GameData.h">
      <Filter>nvse</Filter>
    </ClInclude>
    <ClInclude Include="..\CommonLib\GameEffects.h">
      <Filter>nvse</Filter>
    </ClInclude>
    <ClInclude Include="..\CommonLib\GameExtraData.h">
      <Filter>nvse</Filter>
    </ClInclude>
    <ClInclude Include="..\CommonLib\GameForms.h">
      <Filter>nvse</Filter>
    </ClInclude>
    <ClInclude Include="..\CommonLib\Objects.h">
      <Filter>nvse</Filter>
    </ClInclude>
    <ClInclude Include="..\CommonLib\GameOSDepend.h">
      <Filter>nvse</Filter>
    </ClInclude>
    <ClInclude Include="..\CommonLib\GameRTTI.h">
      <Filter>nvse</Filter>
    </ClInclude>
    <ClInclude Include="..\CommonLib\GameSettings.h">
      <Filter>nvse</Filter>
    </ClInclude>
    <ClCompile Include="..\CommonLib\Sound.cpp">
      <Filter>nvse</Filter>
    </ClCompile>
    <ClInclude Include="..\CommonLib\GameTasks.h">
      <Filter>nvse</Filter>
    </ClInclude>
    <ClInclude Include="..\CommonLib\GameTiles.h">
      <Filter>nvse</Filter>
    </ClInclude>
    <ClInclude Include="..\CommonLib\Types.h">
      <Filter>nvse</Filter>
    </ClInclude>
    <ClCompile Include="..\CommonLib\GameUI.cpp">
      <Filter>nvse</Filter>
    </ClCompile>
    <ClInclude Include="..\nvse\Safewrite.hpp">
      <Filter>nvse</Filter>
    </ClInclude>
    <ClInclude Include="..\nvse\Utilities.hpp">
      <Filter>nvse</Filter>
    </ClInclude>
    <ClInclude Include="..\CommonLib\CommandTable.h">
      <Filter>nvse</Filter>
    </ClInclude>
    <ClInclude Include="..\CommonLib\GameScript.h">
      <Filter>nvse</Filter>
    </ClInclude>
    <ClInclude Include="..\CommonLib\GameProcess.h">
      <Filter>nvse</Filter>
    </ClInclude>
    <ClInclude Include="..\CommonLib\NiNodes.h">
      <Filter>nvse</Filter>
    </ClInclude>
    <ClInclude Include="..\CommonLib\NiTypes.h">
      <Filter>nvse</Filter>
    </ClInclude>
    <ClInclude Include="..\CommonLib\NiObjects.h">
      <Filter>nvse</Filter>
    </ClInclude>
    <ClInclude Include="..\libraries\json.h" />
    <ClInclude Include="..\libraries\SimpleINILibrary.h" />
    <ClInclude Include="main.h" />
    <ClInclude Include="LambdaVariableContext.h" />
  </ItemGroup>
  <ItemGroup>
    <None Include="exports.def" />
  </ItemGroup>
  <ItemGroup>
    <Natvis Include="Types.natvis" />
  </ItemGroup>
</Project>