<?xml version="1.0" encoding="utf-8"?>
<Project ToolsVersion="4.0" xmlns="http://schemas.microsoft.com/developer/msbuild/2003">
  <ItemGroup>
    <ClCompile Include="dllmain.c" />
    <ClCompile Include="main.cpp" />
    <ClCompile Include="definitions.cpp" />
    <ClCompile Include="..\nvse\SafeWrite.cpp">
      <Filter>nvse</Filter>
    </ClCompile>
    <ClCompile Include="..\nvse\Utilities.cpp">
      <Filter>nvse</Filter>
    </ClCompile>
    <ClCompile Include="..\nvse\dinput8.cpp">
      <Filter>nvse</Filter>
    </ClCompile>
    <ClCompile Include="..\nvse\Logging.cpp">
      <Filter>nvse</Filter>
    </ClCompile>
    <ClCompile Include="DbgHelpWrap.cpp" />
    <ClCompile Include="PatchNameThreads.cpp" />
    <ClCompile Include="CrashLoggerCalltrace.cpp" />
    <ClCompile Include="CrashLoggerExceptionHandler.cpp" />
    <ClCompile Include="CrashLoggerLabels.cpp" />
    <ClCompile Include="CrashLoggerMemory.cpp" />
    <ClCompile Include="CrashLoggerModules.cpp" />
    <ClCompile Include="CrashLoggerRegistryStack.cpp" />
    <ClCompile Include="CrashLoggerDevice.cpp" />
    <ClCompile Include="CrashLoggerMods.cpp" />
  </ItemGroup>
  <ItemGroup>
    <ClInclude Include="definitions.hpp" />
    <ClInclude Include="main.hpp" />
    <ClInclude Include="..\libraries\SimpleINILibrary.h">
      <Filter>libraries</Filter>
    </ClInclude>
    <ClInclude Include="..\libraries\json.h">
      <Filter>libraries</Filter>
    </ClInclude>
    <ClInclude Include="..\nvse\Safewrite.hpp">
      <Filter>nvse</Filter>
    </ClInclude>
    <ClInclude Include="..\nvse\prefix.hpp">
      <Filter>nvse</Filter>
    </ClInclude>
    <ClInclude Include="..\nvse\PluginAPI.hpp">
      <Filter>nvse</Filter>
    </ClInclude>
    <ClInclude Include="..\nvse\dinput8.hpp">
      <Filter>nvse</Filter>
    </ClInclude>
    <ClInclude Include="..\nvse\Utilities.hpp">
      <Filter>nvse</Filter>
    </ClInclude>
    <ClInclude Include="..\nvse\Logging.hpp">
      <Filter>nvse</Filter>
    </ClInclude>
    <ClInclude Include="namegen.hpp" />
    <ClInclude Include="DbgHelpWrap.hpp" />
    <ClInclude Include="..\nvse\Formatter.hpp">
      <Filter>nvse</Filter>
    </ClInclude>
    <ClInclude Include="..\nvse\CommandTable.hpp">
      <Filter>nvse</Filter>
    </ClInclude>
    <ClInclude Include="CrashLogger.hpp" />
  </ItemGroup>
  <ItemGroup>
    <None Include="exports.def" />
  </ItemGroup>
  <ItemGroup>
    <Filter Include="nvse">
      <UniqueIdentifier>{f1afc55a-6e0f-43b8-86b1-67dbd88c1490}</UniqueIdentifier>
    </Filter>
    <Filter Include="libraries">
      <UniqueIdentifier>{42cf9c9c-4ade-4f54-8cfd-9a8c9c5a321f}</UniqueIdentifier>
    </Filter>
  </ItemGroup>
</Project>