<?xml version="1.0" encoding="utf-8"?>
<Project ToolsVersion="4.0" xmlns="http://schemas.microsoft.com/developer/msbuild/2003">
  <ItemGroup>
    <ClCompile Include="dllmain.c" />
    <ClCompile Include="main.cpp" />
    <ClCompile Include="definitions.cpp" />
    <ClCompile Include="..\nvse\SafeWrite.cpp">
      <Filter>nvse</Filter>
    </ClCompile>
    <ClCompile Include="..\nvse\Utilities.cpp">
      <Filter>nvse</Filter>
    </ClCompile>
    <ClCompile Include="..\nvse\dinput8.cpp">
      <Filter>nvse</Filter>
    </ClCompile>
    <ClCompile Include="..\nvse\Logging.cpp">
      <Filter>nvse</Filter>
    </ClCompile>
    <ClCompile Include="DbgHelpWrap.cpp" />
    <ClCompile Include="CrashLoggerExceptionHandler.cpp">
      <Filter>CrashLogger</Filter>
    </ClCompile>
    <ClCompile Include="CrashLoggerLabels.cpp">
      <Filter>CrashLogger</Filter>
    </ClCompile>
    <ClCompile Include="PatchNameThreads.cpp" />
    <ClCompile Include="CrashLoggerModules.cpp">
      <Filter>CrashLogger</Filter>
    </ClCompile>
    <ClCompile Include="CrashLoggerRegistryStack.cpp">
      <Filter>CrashLogger</Filter>
    </ClCompile>
    <ClCompile Include="CrashLoggerCalltrace.cpp">
      <Filter>CrashLogger</Filter>
    </ClCompile>
    <ClCompile Include="CrashLoggerMemory.cpp">
      <Filter>CrashLogger</Filter>
    </ClCompile>
  </ItemGroup>
  <ItemGroup>
    <ClInclude Include="definitions.hpp" />
    <ClInclude Include="main.hpp" />
    <ClInclude Include="..\libraries\SimpleINILibrary.h">
      <Filter>libraries</Filter>
    </ClInclude>
    <ClInclude Include="..\libraries\json.h">
      <Filter>libraries</Filter>
    </ClInclude>
    <ClInclude Include="..\nvse\Safewrite.hpp">
      <Filter>nvse</Filter>
    </ClInclude>
    <ClInclude Include="..\nvse\prefix.hpp">
      <Filter>nvse</Filter>
    </ClInclude>
    <ClInclude Include="..\nvse\PluginAPI.hpp">
      <Filter>nvse</Filter>
    </ClInclude>
    <ClInclude Include="..\nvse\dinput8.hpp">
      <Filter>nvse</Filter>
    </ClInclude>
    <ClInclude Include="..\nvse\Utilities.hpp">
      <Filter>nvse</Filter>
    </ClInclude>
    <ClInclude Include="..\nvse\Logging.hpp">
      <Filter>nvse</Filter>
    </ClInclude>
    <ClInclude Include="namegen.hpp" />
    <ClInclude Include="DbgHelpWrap.hpp" />
    <ClInclude Include="..\nvse\Formatter.hpp">
      <Filter>nvse</Filter>
    </ClInclude>
    <ClInclude Include="CrashLogger.hpp">
      <Filter>CrashLogger</Filter>
    </ClInclude>
    <ClInclude Include="..\nvse\CommandTable.hpp">
      <Filter>nvse</Filter>
    </ClInclude>
  </ItemGroup>
  <ItemGroup>
    <None Include="exports.def" />
  </ItemGroup>
  <ItemGroup>
    <Filter Include="nvse">
      <UniqueIdentifier>{f1afc55a-6e0f-43b8-86b1-67dbd88c1490}</UniqueIdentifier>
    </Filter>
    <Filter Include="libraries">
      <UniqueIdentifier>{42cf9c9c-4ade-4f54-8cfd-9a8c9c5a321f}</UniqueIdentifier>
    </Filter>
    <Filter Include="game">
      <UniqueIdentifier>{a015f998-0a48-4aa3-a1b7-bb3274a03bde}</UniqueIdentifier>
    </Filter>
    <Filter Include="CrashLogger">
      <UniqueIdentifier>{0d1b15a9-14d9-4a32-91d5-bb244d0ffa5f}</UniqueIdentifier>
    </Filter>
    <Filter Include="CommonLib\Bethesda">
      <UniqueIdentifier>{6efc5980-0fd7-4cf0-996a-4a039d6a0555}</UniqueIdentifier>
    </Filter>
    <Filter Include="CommonLib\Gamebryo">
      <UniqueIdentifier>{534bc693-bf7a-42e0-8a7d-b1055aff848b}</UniqueIdentifier>
    </Filter>
    <Filter Include="CommonLib\Havok">
      <UniqueIdentifier>{a1ad50b8-234a-4ed2-8dce-e912e0c629b5}</UniqueIdentifier>
    </Filter>
    <Filter Include="CommonLib\Obsidian">
      <UniqueIdentifier>{be04948c-6034-4c15-b3fb-e9b165fcf92d}</UniqueIdentifier>
    </Filter>
  </ItemGroup>
</Project>