<?xml version="1.0" encoding="utf-8"?>
<Project ToolsVersion="4.0" xmlns="http://schemas.microsoft.com/developer/msbuild/2003">
  <ItemGroup>
    <ClCompile Include="dllmain.c" />
    <ClCompile Include="main.cpp" />
    <ClCompile Include="definitions.cpp" />
    <ClCompile Include="..\nvse\SafeWrite.cpp">
      <Filter>nvse</Filter>
    </ClCompile>
    <ClCompile Include="..\nvse\Utilities.cpp">
      <Filter>nvse</Filter>
    </ClCompile>
    <ClCompile Include="..\nvse\dinput8.cpp">
      <Filter>nvse</Filter>
    </ClCompile>
    <ClCompile Include="..\nvse\Logging.cpp">
      <Filter>nvse</Filter>
    </ClCompile>
    <ClCompile Include="..\game\BSExtraData.cpp">
      <Filter>game</Filter>
    </ClCompile>
    <ClCompile Include="..\game\GameData.cpp">
      <Filter>game</Filter>
    </ClCompile>
    <ClCompile Include="..\game\InventoryChanges.cpp">
      <Filter>game</Filter>
    </ClCompile>
    <ClCompile Include="..\game\TESForm.cpp">
      <Filter>game</Filter>
    </ClCompile>
    <ClCompile Include="..\game\TESObjectREFR.cpp">
      <Filter>game</Filter>
    </ClCompile>
    <ClCompile Include="..\game\OSDepend.cpp">
      <Filter>game</Filter>
    </ClCompile>
    <ClCompile Include="..\game\Script.cpp">
      <Filter>game</Filter>
    </ClCompile>
    <ClCompile Include="..\game\Setting.cpp">
      <Filter>game</Filter>
    </ClCompile>
    <ClCompile Include="..\game\Sound.cpp">
      <Filter>game</Filter>
    </ClCompile>
    <ClCompile Include="..\game\GameTasks.cpp">
      <Filter>game</Filter>
    </ClCompile>
    <ClCompile Include="..\game\Tile.cpp">
      <Filter>game</Filter>
    </ClCompile>
    <ClCompile Include="..\game\Types.cpp">
      <Filter>game</Filter>
    </ClCompile>
    <ClCompile Include="..\game\Menu.cpp">
      <Filter>game</Filter>
    </ClCompile>
    <ClCompile Include="..\game\ConsoleManager.cpp">
      <Filter>game</Filter>
    </ClCompile>
    <ClCompile Include="..\game\SaveLoadGame.cpp">
      <Filter>game</Filter>
    </ClCompile>
    <ClCompile Include="..\game\InterfaceManager.cpp">
      <Filter>game</Filter>
    </ClCompile>
    <ClCompile Include="..\game\Containers.cpp">
      <Filter>game</Filter>
    </ClCompile>
    <ClCompile Include="..\game\NiNodes.cpp">
      <Filter>game</Filter>
    </ClCompile>
    <ClCompile Include="..\game\TESObject.cpp">
      <Filter>game</Filter>
    </ClCompile>
    <ClCompile Include="CrashLogger.cpp" />
    <ClCompile Include="..\game\BaseFormComponent.cpp">
      <Filter>game</Filter>
    </ClCompile>
  </ItemGroup>
  <ItemGroup>
    <ClInclude Include="definitions.h" />
    <ClInclude Include="main.h" />
    <ClInclude Include="..\libraries\SimpleINILibrary.h">
      <Filter>libraries</Filter>
    </ClInclude>
    <ClInclude Include="..\libraries\json.h">
      <Filter>libraries</Filter>
    </ClInclude>
    <ClInclude Include="..\nvse\SafeWrite.h">
      <Filter>nvse</Filter>
    </ClInclude>
    <ClInclude Include="..\nvse\prefix.h">
      <Filter>nvse</Filter>
    </ClInclude>
    <ClInclude Include="..\nvse\PluginAPI.h">
      <Filter>nvse</Filter>
    </ClInclude>
    <ClInclude Include="..\nvse\dinput8.h">
      <Filter>nvse</Filter>
    </ClInclude>
    <ClInclude Include="..\nvse\Utilities.h">
      <Filter>nvse</Filter>
    </ClInclude>
    <ClInclude Include="..\nvse\Logging.h">
      <Filter>nvse</Filter>
    </ClInclude>
    <ClInclude Include="..\game\BSExtraData.h">
      <Filter>game</Filter>
    </ClInclude>
    <ClInclude Include="..\game\GameData.h">
      <Filter>game</Filter>
    </ClInclude>
    <ClInclude Include="..\game\GameEffects.h">
      <Filter>game</Filter>
    </ClInclude>
    <ClInclude Include="..\game\InventoryChanges.h">
      <Filter>game</Filter>
    </ClInclude>
    <ClInclude Include="..\game\TESForm.h">
      <Filter>game</Filter>
    </ClInclude>
    <ClInclude Include="..\game\TESObjectREFR.h">
      <Filter>game</Filter>
    </ClInclude>
    <ClInclude Include="..\game\OSDepend.h">
      <Filter>game</Filter>
    </ClInclude>
    <ClInclude Include="..\game\BaseProcess.h">
      <Filter>game</Filter>
    </ClInclude>
    <ClInclude Include="..\game\RTTI.h">
      <Filter>game</Filter>
    </ClInclude>
    <ClInclude Include="..\game\Script.h">
      <Filter>game</Filter>
    </ClInclude>
    <ClInclude Include="..\game\Setting.h">
      <Filter>game</Filter>
    </ClInclude>
    <ClInclude Include="..\game\Sound.h">
      <Filter>game</Filter>
    </ClInclude>
    <ClInclude Include="..\game\GameTasks.h">
      <Filter>game</Filter>
    </ClInclude>
    <ClInclude Include="..\game\Tile.h">
      <Filter>game</Filter>
    </ClInclude>
    <ClInclude Include="..\game\Types.h">
      <Filter>game</Filter>
    </ClInclude>
    <ClInclude Include="..\game\Menu.h">
      <Filter>game</Filter>
    </ClInclude>
    <ClInclude Include="..\game\CommandTable.h">
      <Filter>game</Filter>
    </ClInclude>
    <ClInclude Include="..\game\NiNodes.h">
      <Filter>game</Filter>
    </ClInclude>
    <ClInclude Include="..\game\NiObjects.h">
      <Filter>game</Filter>
    </ClInclude>
    <ClInclude Include="..\game\NiTypes.h">
      <Filter>game</Filter>
    </ClInclude>
    <ClInclude Include="..\game\ConsoleManager.h">
      <Filter>game</Filter>
    </ClInclude>
    <ClInclude Include="..\game\SaveLoadGame.h">
      <Filter>game</Filter>
    </ClInclude>
    <ClInclude Include="..\game\InterfaceManager.h">
      <Filter>game</Filter>
    </ClInclude>
    <ClInclude Include="..\game\Containers.h">
      <Filter>game</Filter>
    </ClInclude>
    <ClInclude Include="..\game\TESObject.h">
      <Filter>game</Filter>
    </ClInclude>
    <ClInclude Include="CrashLogger.h" />
    <ClInclude Include="..\game\BaseFormComponent.h">
      <Filter>game</Filter>
    </ClInclude>
    <ClInclude Include="namegen.h" />
  </ItemGroup>
  <ItemGroup>
    <None Include="exports.def" />
  </ItemGroup>
  <ItemGroup>
    <Filter Include="nvse">
      <UniqueIdentifier>{f1afc55a-6e0f-43b8-86b1-67dbd88c1490}</UniqueIdentifier>
    </Filter>
    <Filter Include="libraries">
      <UniqueIdentifier>{42cf9c9c-4ade-4f54-8cfd-9a8c9c5a321f}</UniqueIdentifier>
    </Filter>
    <Filter Include="game">
      <UniqueIdentifier>{a015f998-0a48-4aa3-a1b7-bb3274a03bde}</UniqueIdentifier>
    </Filter>
  </ItemGroup>
</Project>