<?xml version="1.0" encoding="utf-8"?>
<Project ToolsVersion="4.0" xmlns="http://schemas.microsoft.com/developer/msbuild/2003">
  <ItemGroup>
    <Filter Include="nvse">
      <UniqueIdentifier>{92a4f350-f2ec-4fca-bdd3-927732d91b34}</UniqueIdentifier>
    </Filter>
  </ItemGroup>
  <ItemGroup>
    <ClCompile Include="..\game\GameAPI.cpp">
      <Filter>nvse</Filter>
    </ClCompile>
    <ClCompile Include="..\game\GameBSExtraData.cpp">
      <Filter>nvse</Filter>
    </ClCompile>
    <ClCompile Include="..\game\GameData.cpp">
      <Filter>nvse</Filter>
    </ClCompile>
    <ClCompile Include="..\game\GameExtraData.cpp">
      <Filter>nvse</Filter>
    </ClCompile>
    <ClCompile Include="..\game\GameForms.cpp">
      <Filter>nvse</Filter>
    </ClCompile>
    <ClCompile Include="..\game\Objects.cpp">
      <Filter>nvse</Filter>
    </ClCompile>
    <ClCompile Include="..\game\GameOSDepend.cpp">
      <Filter>nvse</Filter>
    </ClCompile>
    <ClCompile Include="..\game\GameRTTI.cpp">
      <Filter>nvse</Filter>
    </ClCompile>
    <ClCompile Include="..\game\GameScript.cpp">
      <Filter>nvse</Filter>
    </ClCompile>
    <ClCompile Include="..\game\GameSettings.cpp">
      <Filter>nvse</Filter>
    </ClCompile>
    <ClCompile Include="..\game\Sound.cpp">
      <Filter>nvse</Filter>
    </ClCompile>
    <ClCompile Include="..\game\GameTasks.cpp">
      <Filter>nvse</Filter>
    </ClCompile>
    <ClCompile Include="..\game\GameTiles.cpp">
      <Filter>nvse</Filter>
    </ClCompile>
    <ClCompile Include="..\game\Types.cpp">
      <Filter>nvse</Filter>
    </ClCompile>
    <ClCompile Include="..\game\GameUI.cpp">
      <Filter>nvse</Filter>
    </ClCompile>
    <ClCompile Include="..\nvse\SafeWrite.cpp">
      <Filter>nvse</Filter>
    </ClCompile>
    <ClCompile Include="..\nvse\Utilities.cpp">
      <Filter>nvse</Filter>
    </ClCompile>
    <ClCompile Include="..\nvse\printf.cpp">
      <Filter>nvse</Filter>
    </ClCompile>
    <ClCompile Include="dllmain.c" />
    <ClCompile Include="main.cpp" />
    <ClCompile Include="LambdaVariableContext.cpp" />
  </ItemGroup>
  <ItemGroup>
    <ClInclude Include="..\game\GameAPI.h">
      <Filter>nvse</Filter>
    </ClInclude>
    <ClInclude Include="..\game\GameBSExtraData.h">
      <Filter>nvse</Filter>
    </ClInclude>
    <ClInclude Include="..\game\GameData.h">
      <Filter>nvse</Filter>
    </ClInclude>
    <ClInclude Include="..\game\GameEffects.h">
      <Filter>nvse</Filter>
    </ClInclude>
    <ClInclude Include="..\game\GameExtraData.h">
      <Filter>nvse</Filter>
    </ClInclude>
    <ClInclude Include="..\game\GameForms.h">
      <Filter>nvse</Filter>
    </ClInclude>
    <ClInclude Include="..\game\Objects.h">
      <Filter>nvse</Filter>
    </ClInclude>
    <ClInclude Include="..\game\GameOSDepend.h">
      <Filter>nvse</Filter>
    </ClInclude>
    <ClInclude Include="..\game\GameRTTI.h">
      <Filter>nvse</Filter>
    </ClInclude>
    <ClInclude Include="..\game\GameSettings.h">
      <Filter>nvse</Filter>
    </ClInclude>
    <ClCompile Include="..\game\Sound.cpp">
      <Filter>nvse</Filter>
    </ClCompile>
    <ClInclude Include="..\game\GameTasks.h">
      <Filter>nvse</Filter>
    </ClInclude>
    <ClInclude Include="..\game\GameTiles.h">
      <Filter>nvse</Filter>
    </ClInclude>
    <ClInclude Include="..\game\Types.h">
      <Filter>nvse</Filter>
    </ClInclude>
    <ClCompile Include="..\game\GameUI.cpp">
      <Filter>nvse</Filter>
    </ClCompile>
    <ClInclude Include="..\nvse\Safewrite.hpp">
      <Filter>nvse</Filter>
    </ClInclude>
    <ClInclude Include="..\nvse\Utilities.hpp">
      <Filter>nvse</Filter>
    </ClInclude>
    <ClInclude Include="..\game\CommandTable.h">
      <Filter>nvse</Filter>
    </ClInclude>
    <ClInclude Include="..\game\GameScript.h">
      <Filter>nvse</Filter>
    </ClInclude>
    <ClInclude Include="..\game\GameProcess.h">
      <Filter>nvse</Filter>
    </ClInclude>
    <ClInclude Include="..\game\NiNodes.h">
      <Filter>nvse</Filter>
    </ClInclude>
    <ClInclude Include="..\game\NiTypes.h">
      <Filter>nvse</Filter>
    </ClInclude>
    <ClInclude Include="..\game\NiObjects.h">
      <Filter>nvse</Filter>
    </ClInclude>
    <ClInclude Include="..\libraries\json.h" />
    <ClInclude Include="..\libraries\SimpleINILibrary.h" />
    <ClInclude Include="main.h" />
    <ClInclude Include="LambdaVariableContext.h" />
  </ItemGroup>
  <ItemGroup>
    <None Include="exports.def" />
  </ItemGroup>
  <ItemGroup>
    <Natvis Include="Types.natvis" />
  </ItemGroup>
</Project>